
Microsoft Visual Studio Solution File, Format Version 12.00
# Visual Studio Version 17
VisualStudioVersion = 17.5.33424.131
MinimumVisualStudioVersion = 10.0.40219.1
Project("{8BC9CEB8-8B4A-11D0-8D11-00A0C91BC942}") = "HomeWork-4.09.2", "HomeWork-4.09.2.vcxproj", "{35AA95F2-F1C3-470A-8E95-1F2C10DCB0BC}"
EndProject
Global
	GlobalSection(SolutionConfigurationPlatforms) = preSolution
		Debug|x64 = Debug|x64
		Debug|x86 = Debug|x86
		Release|x64 = Release|x64
		Release|x86 = Release|x86
	EndGlobalSection
	GlobalSection(ProjectConfigurationPlatforms) = postSolution
		{35AA95F2-F1C3-470A-8E95-1F2C10DCB0BC}.Debug|x64.ActiveCfg = Debug|x64
		{35AA95F2-F1C3-470A-8E95-1F2C10DCB0BC}.Debug|x64.Build.0 = Debug|x64
		{35AA95F2-F1C3-470A-8E95-1F2C10DCB0BC}.Debug|x86.ActiveCfg = Debug|Win32
		{35AA95F2-F1C3-470A-8E95-1F2C10DCB0BC}.Debug|x86.Build.0 = Debug|Win32
		{35AA95F2-F1C3-470A-8E95-1F2C10DCB0BC}.Release|x64.ActiveCfg = Release|x64
		{35AA95F2-F1C3-470A-8E95-1F2C10DCB0BC}.Release|x64.Build.0 = Release|x64
		{35AA95F2-F1C3-470A-8E95-1F2C10DCB0BC}.Release|x86.ActiveCfg = Release|Win32
		{35AA95F2-F1C3-470A-8E95-1F2C10DCB0BC}.Release|x86.Build.0 = Release|Win32
	EndGlobalSection
	GlobalSection(SolutionProperties) = preSolution
		HideSolutionNode = FALSE
	EndGlobalSection
	GlobalSection(ExtensibilityGlobals) = postSolution
		SolutionGuid = {C583B7CA-957E-4B1B-B138-C9E7085437C5}
	EndGlobalSection
EndGlobal
